
Microsoft Visual Studio Solution File, Format Version 12.00
# Visual Studio Version 17
VisualStudioVersion = 17.2.32630.192
MinimumVisualStudioVersion = 10.0.40219.1
Project("{FAE04EC0-301F-11D3-BF4B-00C04F79EFBC}") = "adminbook", "Reportwork\adminbook.csproj", "{DE12019F-7285-4AD9-A678-CC1CD125F40D}"
EndProject
Project("{FAE04EC0-301F-11D3-BF4B-00C04F79EFBC}") = "bibliobook", "bibliobook\bibliobook.csproj", "{F7BC8818-4D5D-4566-967B-15CA6E821F60}"
EndProject
Project("{FAE04EC0-301F-11D3-BF4B-00C04F79EFBC}") = "srvbook", "srvbook\srvbook.csproj", "{E2FEBE3B-F59C-4A32-B3E5-FFFCC8CCC499}"
EndProject
Project("{FAE04EC0-301F-11D3-BF4B-00C04F79EFBC}") = "unittestbook", "unittestbook\unittestbook.csproj", "{479FE2EE-D77E-4358-B979-4CD35FE5B1D0}"
EndProject
Project("{FAE04EC0-301F-11D3-BF4B-00C04F79EFBC}") = "bookdb", "bookdb\bookdb.csproj", "{18117A73-D7F5-40E4-9986-4738A9348E48}"
EndProject
Project("{FAE04EC0-301F-11D3-BF4B-00C04F79EFBC}") = "booksdto", "booksdto\booksdto.csproj", "{A435D347-6318-4B15-89C1-EF9BB5B9DD6F}"
EndProject
Global
	GlobalSection(SolutionConfigurationPlatforms) = preSolution
		Debug|Any CPU = Debug|Any CPU
		Release|Any CPU = Release|Any CPU
	EndGlobalSection
	GlobalSection(ProjectConfigurationPlatforms) = postSolution
		{DE12019F-7285-4AD9-A678-CC1CD125F40D}.Debug|Any CPU.ActiveCfg = Debug|Any CPU
		{DE12019F-7285-4AD9-A678-CC1CD125F40D}.Debug|Any CPU.Build.0 = Debug|Any CPU
		{DE12019F-7285-4AD9-A678-CC1CD125F40D}.Release|Any CPU.ActiveCfg = Release|Any CPU
		{DE12019F-7285-4AD9-A678-CC1CD125F40D}.Release|Any CPU.Build.0 = Release|Any CPU
		{F7BC8818-4D5D-4566-967B-15CA6E821F60}.Debug|Any CPU.ActiveCfg = Debug|Any CPU
		{F7BC8818-4D5D-4566-967B-15CA6E821F60}.Debug|Any CPU.Build.0 = Debug|Any CPU
		{F7BC8818-4D5D-4566-967B-15CA6E821F60}.Release|Any CPU.ActiveCfg = Release|Any CPU
		{F7BC8818-4D5D-4566-967B-15CA6E821F60}.Release|Any CPU.Build.0 = Release|Any CPU
		{E2FEBE3B-F59C-4A32-B3E5-FFFCC8CCC499}.Debug|Any CPU.ActiveCfg = Debug|Any CPU
		{E2FEBE3B-F59C-4A32-B3E5-FFFCC8CCC499}.Debug|Any CPU.Build.0 = Debug|Any CPU
		{E2FEBE3B-F59C-4A32-B3E5-FFFCC8CCC499}.Release|Any CPU.ActiveCfg = Release|Any CPU
		{E2FEBE3B-F59C-4A32-B3E5-FFFCC8CCC499}.Release|Any CPU.Build.0 = Release|Any CPU
		{479FE2EE-D77E-4358-B979-4CD35FE5B1D0}.Debug|Any CPU.ActiveCfg = Debug|Any CPU
		{479FE2EE-D77E-4358-B979-4CD35FE5B1D0}.Debug|Any CPU.Build.0 = Debug|Any CPU
		{479FE2EE-D77E-4358-B979-4CD35FE5B1D0}.Release|Any CPU.ActiveCfg = Release|Any CPU
		{479FE2EE-D77E-4358-B979-4CD35FE5B1D0}.Release|Any CPU.Build.0 = Release|Any CPU
		{18117A73-D7F5-40E4-9986-4738A9348E48}.Debug|Any CPU.ActiveCfg = Debug|Any CPU
		{18117A73-D7F5-40E4-9986-4738A9348E48}.Debug|Any CPU.Build.0 = Debug|Any CPU
		{18117A73-D7F5-40E4-9986-4738A9348E48}.Release|Any CPU.ActiveCfg = Release|Any CPU
		{18117A73-D7F5-40E4-9986-4738A9348E48}.Release|Any CPU.Build.0 = Release|Any CPU
		{A435D347-6318-4B15-89C1-EF9BB5B9DD6F}.Debug|Any CPU.ActiveCfg = Debug|Any CPU
		{A435D347-6318-4B15-89C1-EF9BB5B9DD6F}.Debug|Any CPU.Build.0 = Debug|Any CPU
		{A435D347-6318-4B15-89C1-EF9BB5B9DD6F}.Release|Any CPU.ActiveCfg = Release|Any CPU
		{A435D347-6318-4B15-89C1-EF9BB5B9DD6F}.Release|Any CPU.Build.0 = Release|Any CPU
	EndGlobalSection
	GlobalSection(SolutionProperties) = preSolution
		HideSolutionNode = FALSE
	EndGlobalSection
	GlobalSection(ExtensibilityGlobals) = postSolution
		SolutionGuid = {5A9319BA-6C47-488E-9348-68392B279512}
	EndGlobalSection
EndGlobal
